
Microsoft Visual Studio Solution File, Format Version 12.00
# Visual Studio 2013
VisualStudioVersion = 12.0.31101.0
MinimumVisualStudioVersion = 10.0.40219.1
Project("{FAE04EC0-301F-11D3-BF4B-00C04F79EFBC}") = "SaveYourTower.GameEngine", "SaveYourTower.GameEngine\SaveYourTower.GameEngine.csproj", "{B4BF2BBC-C979-446B-B532-058E3F31F534}"
EndProject
Project("{FAE04EC0-301F-11D3-BF4B-00C04F79EFBC}") = "SaveYourTower.ConsoleUI", "SaveYourTower.ConsoleUI\SaveYourTower.ConsoleUI.csproj", "{216DA626-6C45-4905-B7FE-FD000D40343C}"
EndProject
Project("{FAE04EC0-301F-11D3-BF4B-00C04F79EFBC}") = "SaveYourTower.GameEngine.Test", "SaveYourTower.GameEngine.Test\SaveYourTower.GameEngine.Test.csproj", "{B156DBB2-C5B3-4835-A6D2-C60DF204AF9F}"
EndProject
Project("{FAE04EC0-301F-11D3-BF4B-00C04F79EFBC}") = "SaveYourTower.DesktopUI", "SaveYourTower.DesktopUI\SaveYourTower.DesktopUI.csproj", "{B619BFA8-93AE-4814-BFDD-ACCC4AEA3519}"
EndProject
Project("{6141683F-8A12-4E36-9623-2EB02B2C2303}") = "Setup", "Setup\Setup.isproj", "{DD7F727F-D4CA-4C6C-A54F-2284C6579C43}"
	ProjectSection(ProjectDependencies) = postProject
		{B619BFA8-93AE-4814-BFDD-ACCC4AEA3519} = {B619BFA8-93AE-4814-BFDD-ACCC4AEA3519}
	EndProjectSection
EndProject
Global
	GlobalSection(SolutionConfigurationPlatforms) = preSolution
		CD_ROM|Any CPU = CD_ROM|Any CPU
		Debug|Any CPU = Debug|Any CPU
		DVD-5|Any CPU = DVD-5|Any CPU
		Release|Any CPU = Release|Any CPU
		SingleImage|Any CPU = SingleImage|Any CPU
	EndGlobalSection
	GlobalSection(ProjectConfigurationPlatforms) = postSolution
		{B4BF2BBC-C979-446B-B532-058E3F31F534}.CD_ROM|Any CPU.ActiveCfg = Release|Any CPU
		{B4BF2BBC-C979-446B-B532-058E3F31F534}.CD_ROM|Any CPU.Build.0 = Release|Any CPU
		{B4BF2BBC-C979-446B-B532-058E3F31F534}.Debug|Any CPU.ActiveCfg = Debug|Any CPU
		{B4BF2BBC-C979-446B-B532-058E3F31F534}.Debug|Any CPU.Build.0 = Debug|Any CPU
		{B4BF2BBC-C979-446B-B532-058E3F31F534}.DVD-5|Any CPU.ActiveCfg = Debug|Any CPU
		{B4BF2BBC-C979-446B-B532-058E3F31F534}.DVD-5|Any CPU.Build.0 = Debug|Any CPU
		{B4BF2BBC-C979-446B-B532-058E3F31F534}.Release|Any CPU.ActiveCfg = Release|Any CPU
		{B4BF2BBC-C979-446B-B532-058E3F31F534}.Release|Any CPU.Build.0 = Release|Any CPU
		{B4BF2BBC-C979-446B-B532-058E3F31F534}.SingleImage|Any CPU.ActiveCfg = Release|Any CPU
		{B4BF2BBC-C979-446B-B532-058E3F31F534}.SingleImage|Any CPU.Build.0 = Release|Any CPU
		{216DA626-6C45-4905-B7FE-FD000D40343C}.CD_ROM|Any CPU.ActiveCfg = Release|Any CPU
		{216DA626-6C45-4905-B7FE-FD000D40343C}.CD_ROM|Any CPU.Build.0 = Release|Any CPU
		{216DA626-6C45-4905-B7FE-FD000D40343C}.Debug|Any CPU.ActiveCfg = Debug|Any CPU
		{216DA626-6C45-4905-B7FE-FD000D40343C}.Debug|Any CPU.Build.0 = Debug|Any CPU
		{216DA626-6C45-4905-B7FE-FD000D40343C}.DVD-5|Any CPU.ActiveCfg = Debug|Any CPU
		{216DA626-6C45-4905-B7FE-FD000D40343C}.DVD-5|Any CPU.Build.0 = Debug|Any CPU
		{216DA626-6C45-4905-B7FE-FD000D40343C}.Release|Any CPU.ActiveCfg = Release|Any CPU
		{216DA626-6C45-4905-B7FE-FD000D40343C}.Release|Any CPU.Build.0 = Release|Any CPU
		{216DA626-6C45-4905-B7FE-FD000D40343C}.SingleImage|Any CPU.ActiveCfg = Release|Any CPU
		{216DA626-6C45-4905-B7FE-FD000D40343C}.SingleImage|Any CPU.Build.0 = Release|Any CPU
		{B156DBB2-C5B3-4835-A6D2-C60DF204AF9F}.CD_ROM|Any CPU.ActiveCfg = Release|Any CPU
		{B156DBB2-C5B3-4835-A6D2-C60DF204AF9F}.CD_ROM|Any CPU.Build.0 = Release|Any CPU
		{B156DBB2-C5B3-4835-A6D2-C60DF204AF9F}.Debug|Any CPU.ActiveCfg = Debug|Any CPU
		{B156DBB2-C5B3-4835-A6D2-C60DF204AF9F}.Debug|Any CPU.Build.0 = Debug|Any CPU
		{B156DBB2-C5B3-4835-A6D2-C60DF204AF9F}.DVD-5|Any CPU.ActiveCfg = Debug|Any CPU
		{B156DBB2-C5B3-4835-A6D2-C60DF204AF9F}.DVD-5|Any CPU.Build.0 = Debug|Any CPU
		{B156DBB2-C5B3-4835-A6D2-C60DF204AF9F}.Release|Any CPU.ActiveCfg = Release|Any CPU
		{B156DBB2-C5B3-4835-A6D2-C60DF204AF9F}.Release|Any CPU.Build.0 = Release|Any CPU
		{B156DBB2-C5B3-4835-A6D2-C60DF204AF9F}.SingleImage|Any CPU.ActiveCfg = Release|Any CPU
		{B156DBB2-C5B3-4835-A6D2-C60DF204AF9F}.SingleImage|Any CPU.Build.0 = Release|Any CPU
		{B619BFA8-93AE-4814-BFDD-ACCC4AEA3519}.CD_ROM|Any CPU.ActiveCfg = Release|Any CPU
		{B619BFA8-93AE-4814-BFDD-ACCC4AEA3519}.CD_ROM|Any CPU.Build.0 = Release|Any CPU
		{B619BFA8-93AE-4814-BFDD-ACCC4AEA3519}.Debug|Any CPU.ActiveCfg = Debug|Any CPU
		{B619BFA8-93AE-4814-BFDD-ACCC4AEA3519}.Debug|Any CPU.Build.0 = Debug|Any CPU
		{B619BFA8-93AE-4814-BFDD-ACCC4AEA3519}.DVD-5|Any CPU.ActiveCfg = Debug|Any CPU
		{B619BFA8-93AE-4814-BFDD-ACCC4AEA3519}.DVD-5|Any CPU.Build.0 = Debug|Any CPU
		{B619BFA8-93AE-4814-BFDD-ACCC4AEA3519}.Release|Any CPU.ActiveCfg = Release|Any CPU
		{B619BFA8-93AE-4814-BFDD-ACCC4AEA3519}.Release|Any CPU.Build.0 = Release|Any CPU
		{B619BFA8-93AE-4814-BFDD-ACCC4AEA3519}.SingleImage|Any CPU.ActiveCfg = Release|Any CPU
		{B619BFA8-93AE-4814-BFDD-ACCC4AEA3519}.SingleImage|Any CPU.Build.0 = Release|Any CPU
		{DD7F727F-D4CA-4C6C-A54F-2284C6579C43}.CD_ROM|Any CPU.ActiveCfg = CD_ROM
		{DD7F727F-D4CA-4C6C-A54F-2284C6579C43}.CD_ROM|Any CPU.Build.0 = CD_ROM
		{DD7F727F-D4CA-4C6C-A54F-2284C6579C43}.Debug|Any CPU.ActiveCfg = DVD-5
		{DD7F727F-D4CA-4C6C-A54F-2284C6579C43}.Debug|Any CPU.Build.0 = DVD-5
		{DD7F727F-D4CA-4C6C-A54F-2284C6579C43}.DVD-5|Any CPU.ActiveCfg = DVD-5
		{DD7F727F-D4CA-4C6C-A54F-2284C6579C43}.DVD-5|Any CPU.Build.0 = DVD-5
		{DD7F727F-D4CA-4C6C-A54F-2284C6579C43}.Release|Any CPU.ActiveCfg = SingleImage
		{DD7F727F-D4CA-4C6C-A54F-2284C6579C43}.Release|Any CPU.Build.0 = SingleImage
		{DD7F727F-D4CA-4C6C-A54F-2284C6579C43}.SingleImage|Any CPU.ActiveCfg = SingleImage
		{DD7F727F-D4CA-4C6C-A54F-2284C6579C43}.SingleImage|Any CPU.Build.0 = SingleImage
	EndGlobalSection
	GlobalSection(SolutionProperties) = preSolution
		HideSolutionNode = FALSE
	EndGlobalSection
EndGlobal
